// !$*UTF8*$!
{
	archiveVersion = 1;
	classes = {
	};
	objectVersion = 46;
	objects = {

/* Begin PBXBuildFile section */
		45E6CA99ECD9BCA044B0D3C2 /* libPods-YLHook.a in Frameworks */ = {isa = PBXBuildFile; fileRef = 782270FBA6C798CD7A46437F /* libPods-YLHook.a */; };
		F2BD63F01D475FF200A72873 /* main.m in Sources */ = {isa = PBXBuildFile; fileRef = F2BD63EF1D475FF200A72873 /* main.m */; };
		F2BD63F31D475FF200A72873 /* AppDelegate.m in Sources */ = {isa = PBXBuildFile; fileRef = F2BD63F21D475FF200A72873 /* AppDelegate.m */; };
		F2BD63F61D475FF200A72873 /* FirstViewController.m in Sources */ = {isa = PBXBuildFile; fileRef = F2BD63F51D475FF200A72873 /* FirstViewController.m */; };
		F2BD63F91D475FF200A72873 /* Main.storyboard in Resources */ = {isa = PBXBuildFile; fileRef = F2BD63F71D475FF200A72873 /* Main.storyboard */; };
		F2BD63FB1D475FF200A72873 /* Assets.xcassets in Resources */ = {isa = PBXBuildFile; fileRef = F2BD63FA1D475FF200A72873 /* Assets.xcassets */; };
		F2BD63FE1D475FF200A72873 /* LaunchScreen.storyboard in Resources */ = {isa = PBXBuildFile; fileRef = F2BD63FC1D475FF200A72873 /* LaunchScreen.storyboard */; };
		F2BD64091D475FF200A72873 /* YLHookTests.m in Sources */ = {isa = PBXBuildFile; fileRef = F2BD64081D475FF200A72873 /* YLHookTests.m */; };
		F2BD64171D47603B00A72873 /* YLHook.m in Sources */ = {isa = PBXBuildFile; fileRef = F2BD64161D47603B00A72873 /* YLHook.m */; };
		F2BD641A1D47614B00A72873 /* YLEventMaker.m in Sources */ = {isa = PBXBuildFile; fileRef = F2BD64191D47614B00A72873 /* YLEventMaker.m */; };
		F2BD641D1D47618100A72873 /* YLEvent.m in Sources */ = {isa = PBXBuildFile; fileRef = F2BD641C1D47618100A72873 /* YLEvent.m */; };
		F2BD64211D47652300A72873 /* NSObject+YLHook.m in Sources */ = {isa = PBXBuildFile; fileRef = F2BD64201D47652300A72873 /* NSObject+YLHook.m */; };
		F2BD64241D47809300A72873 /* SecondViewController.m in Sources */ = {isa = PBXBuildFile; fileRef = F2BD64231D47809300A72873 /* SecondViewController.m */; };
/* End PBXBuildFile section */

/* Begin PBXContainerItemProxy section */
		F2BD64051D475FF200A72873 /* PBXContainerItemProxy */ = {
			isa = PBXContainerItemProxy;
			containerPortal = F2BD63E31D475FF200A72873 /* Project object */;
			proxyType = 1;
			remoteGlobalIDString = F2BD63EA1D475FF200A72873;
			remoteInfo = YLHook;
		};
/* End PBXContainerItemProxy section */

/* Begin PBXFileReference section */
		782270FBA6C798CD7A46437F /* libPods-YLHook.a */ = {isa = PBXFileReference; explicitFileType = archive.ar; includeInIndex = 0; path = "libPods-YLHook.a"; sourceTree = BUILT_PRODUCTS_DIR; };
		8ADD8C027A68B32A6007AE6A /* Pods-YLHook.debug.xcconfig */ = {isa = PBXFileReference; includeInIndex = 1; lastKnownFileType = text.xcconfig; name = "Pods-YLHook.debug.xcconfig"; path = "Pods/Target Support Files/Pods-YLHook/Pods-YLHook.debug.xcconfig"; sourceTree = "<group>"; };
		F2BD63EB1D475FF200A72873 /* YLHook.app */ = {isa = PBXFileReference; explicitFileType = wrapper.application; includeInIndex = 0; path = YLHook.app; sourceTree = BUILT_PRODUCTS_DIR; };
		F2BD63EF1D475FF200A72873 /* main.m */ = {isa = PBXFileReference; lastKnownFileType = sourcecode.c.objc; path = main.m; sourceTree = "<group>"; };
		F2BD63F11D475FF200A72873 /* AppDelegate.h */ = {isa = PBXFileReference; lastKnownFileType = sourcecode.c.h; path = AppDelegate.h; sourceTree = "<group>"; };
		F2BD63F21D475FF200A72873 /* AppDelegate.m */ = {isa = PBXFileReference; lastKnownFileType = sourcecode.c.objc; path = AppDelegate.m; sourceTree = "<group>"; };
		F2BD63F41D475FF200A72873 /* FirstViewController.h */ = {isa = PBXFileReference; lastKnownFileType = sourcecode.c.h; path = FirstViewController.h; sourceTree = "<group>"; };
		F2BD63F51D475FF200A72873 /* FirstViewController.m */ = {isa = PBXFileReference; lastKnownFileType = sourcecode.c.objc; path = FirstViewController.m; sourceTree = "<group>"; };
		F2BD63F81D475FF200A72873 /* Base */ = {isa = PBXFileReference; lastKnownFileType = file.storyboard; name = Base; path = Base.lproj/Main.storyboard; sourceTree = "<group>"; };
		F2BD63FA1D475FF200A72873 /* Assets.xcassets */ = {isa = PBXFileReference; lastKnownFileType = folder.assetcatalog; path = Assets.xcassets; sourceTree = "<group>"; };
		F2BD63FD1D475FF200A72873 /* Base */ = {isa = PBXFileReference; lastKnownFileType = file.storyboard; name = Base; path = Base.lproj/LaunchScreen.storyboard; sourceTree = "<group>"; };
		F2BD63FF1D475FF200A72873 /* Info.plist */ = {isa = PBXFileReference; lastKnownFileType = text.plist.xml; path = Info.plist; sourceTree = "<group>"; };
		F2BD64041D475FF200A72873 /* YLHookTests.xctest */ = {isa = PBXFileReference; explicitFileType = wrapper.cfbundle; includeInIndex = 0; path = YLHookTests.xctest; sourceTree = BUILT_PRODUCTS_DIR; };
		F2BD64081D475FF200A72873 /* YLHookTests.m */ = {isa = PBXFileReference; lastKnownFileType = sourcecode.c.objc; path = YLHookTests.m; sourceTree = "<group>"; };
		F2BD640A1D475FF200A72873 /* Info.plist */ = {isa = PBXFileReference; lastKnownFileType = text.plist.xml; path = Info.plist; sourceTree = "<group>"; };
		F2BD64151D47603B00A72873 /* YLHook.h */ = {isa = PBXFileReference; fileEncoding = 4; lastKnownFileType = sourcecode.c.h; name = YLHook.h; path = YLHook/YLHook.h; sourceTree = "<group>"; };
		F2BD64161D47603B00A72873 /* YLHook.m */ = {isa = PBXFileReference; fileEncoding = 4; lastKnownFileType = sourcecode.c.objc; name = YLHook.m; path = YLHook/YLHook.m; sourceTree = "<group>"; };
		F2BD64181D47614B00A72873 /* YLEventMaker.h */ = {isa = PBXFileReference; fileEncoding = 4; lastKnownFileType = sourcecode.c.h; name = YLEventMaker.h; path = YLHook/YLEventMaker.h; sourceTree = "<group>"; };
		F2BD64191D47614B00A72873 /* YLEventMaker.m */ = {isa = PBXFileReference; fileEncoding = 4; lastKnownFileType = sourcecode.c.objc; name = YLEventMaker.m; path = YLHook/YLEventMaker.m; sourceTree = "<group>"; };
		F2BD641B1D47618100A72873 /* YLEvent.h */ = {isa = PBXFileReference; fileEncoding = 4; lastKnownFileType = sourcecode.c.h; name = YLEvent.h; path = YLHook/YLEvent.h; sourceTree = "<group>"; };
		F2BD641C1D47618100A72873 /* YLEvent.m */ = {isa = PBXFileReference; fileEncoding = 4; lastKnownFileType = sourcecode.c.objc; name = YLEvent.m; path = YLHook/YLEvent.m; sourceTree = "<group>"; };
		F2BD641F1D47652300A72873 /* NSObject+YLHook.h */ = {isa = PBXFileReference; fileEncoding = 4; lastKnownFileType = sourcecode.c.h; name = "NSObject+YLHook.h"; path = "YLHook/NSObject+YLHook.h"; sourceTree = "<group>"; };
		F2BD64201D47652300A72873 /* NSObject+YLHook.m */ = {isa = PBXFileReference; fileEncoding = 4; lastKnownFileType = sourcecode.c.objc; name = "NSObject+YLHook.m"; path = "YLHook/NSObject+YLHook.m"; sourceTree = "<group>"; };
		F2BD64221D47809300A72873 /* SecondViewController.h */ = {isa = PBXFileReference; fileEncoding = 4; lastKnownFileType = sourcecode.c.h; path = SecondViewController.h; sourceTree = "<group>"; };
		F2BD64231D47809300A72873 /* SecondViewController.m */ = {isa = PBXFileReference; fileEncoding = 4; lastKnownFileType = sourcecode.c.objc; path = SecondViewController.m; sourceTree = "<group>"; };
		F66F05D3822DFD94A3BD8D06 /* Pods-YLHook.release.xcconfig */ = {isa = PBXFileReference; includeInIndex = 1; lastKnownFileType = text.xcconfig; name = "Pods-YLHook.release.xcconfig"; path = "Pods/Target Support Files/Pods-YLHook/Pods-YLHook.release.xcconfig"; sourceTree = "<group>"; };
/* End PBXFileReference section */

/* Begin PBXFrameworksBuildPhase section */
		F2BD63E81D475FF200A72873 /* Frameworks */ = {
			isa = PBXFrameworksBuildPhase;
			buildActionMask = 2147483647;
			files = (
				45E6CA99ECD9BCA044B0D3C2 /* libPods-YLHook.a in Frameworks */,
			);
			runOnlyForDeploymentPostprocessing = 0;
		};
		F2BD64011D475FF200A72873 /* Frameworks */ = {
			isa = PBXFrameworksBuildPhase;
			buildActionMask = 2147483647;
			files = (
			);
			runOnlyForDeploymentPostprocessing = 0;
		};
/* End PBXFrameworksBuildPhase section */

/* Begin PBXGroup section */
		C3F3AEE36046E5E71450E319 /* Frameworks */ = {
			isa = PBXGroup;
			children = (
				782270FBA6C798CD7A46437F /* libPods-YLHook.a */,
			);
			name = Frameworks;
			sourceTree = "<group>";
		};
		F2BD63E21D475FF200A72873 = {
			isa = PBXGroup;
			children = (
				F2BD63ED1D475FF200A72873 /* YLHook */,
				F2BD64071D475FF200A72873 /* YLHookTests */,
				F2BD63EC1D475FF200A72873 /* Products */,
				FF5645FC2AE2D85874D9C075 /* Pods */,
				C3F3AEE36046E5E71450E319 /* Frameworks */,
			);
			sourceTree = "<group>";
		};
		F2BD63EC1D475FF200A72873 /* Products */ = {
			isa = PBXGroup;
			children = (
				F2BD63EB1D475FF200A72873 /* YLHook.app */,
				F2BD64041D475FF200A72873 /* YLHookTests.xctest */,
			);
			name = Products;
			sourceTree = "<group>";
		};
		F2BD63ED1D475FF200A72873 /* YLHook */ = {
			isa = PBXGroup;
			children = (
				F2BD64141D47602500A72873 /* YLHook */,
				F2BD64131D475FFA00A72873 /* Demo */,
				F2BD63F11D475FF200A72873 /* AppDelegate.h */,
				F2BD63F21D475FF200A72873 /* AppDelegate.m */,
				F2BD63F71D475FF200A72873 /* Main.storyboard */,
				F2BD63FA1D475FF200A72873 /* Assets.xcassets */,
				F2BD63FC1D475FF200A72873 /* LaunchScreen.storyboard */,
				F2BD63FF1D475FF200A72873 /* Info.plist */,
				F2BD63EE1D475FF200A72873 /* Supporting Files */,
			);
			path = YLHook;
			sourceTree = "<group>";
		};
		F2BD63EE1D475FF200A72873 /* Supporting Files */ = {
			isa = PBXGroup;
			children = (
				F2BD63EF1D475FF200A72873 /* main.m */,
			);
			name = "Supporting Files";
			sourceTree = "<group>";
		};
		F2BD64071D475FF200A72873 /* YLHookTests */ = {
			isa = PBXGroup;
			children = (
				F2BD64081D475FF200A72873 /* YLHookTests.m */,
				F2BD640A1D475FF200A72873 /* Info.plist */,
			);
			path = YLHookTests;
			sourceTree = "<group>";
		};
		F2BD64131D475FFA00A72873 /* Demo */ = {
			isa = PBXGroup;
			children = (
				F2BD63F41D475FF200A72873 /* FirstViewController.h */,
				F2BD63F51D475FF200A72873 /* FirstViewController.m */,
				F2BD64221D47809300A72873 /* SecondViewController.h */,
				F2BD64231D47809300A72873 /* SecondViewController.m */,
			);
			name = Demo;
			sourceTree = "<group>";
		};
		F2BD64141D47602500A72873 /* YLHook */ = {
			isa = PBXGroup;
			children = (
				F2BD641E1D4764FD00A72873 /* Category */,
				F2BD64151D47603B00A72873 /* YLHook.h */,
				F2BD64161D47603B00A72873 /* YLHook.m */,
				F2BD64181D47614B00A72873 /* YLEventMaker.h */,
				F2BD64191D47614B00A72873 /* YLEventMaker.m */,
				F2BD641B1D47618100A72873 /* YLEvent.h */,
				F2BD641C1D47618100A72873 /* YLEvent.m */,
			);
			name = YLHook;
			sourceTree = "<group>";
		};
		F2BD641E1D4764FD00A72873 /* Category */ = {
			isa = PBXGroup;
			children = (
				F2BD641F1D47652300A72873 /* NSObject+YLHook.h */,
				F2BD64201D47652300A72873 /* NSObject+YLHook.m */,
			);
			name = Category;
			sourceTree = "<group>";
		};
		FF5645FC2AE2D85874D9C075 /* Pods */ = {
			isa = PBXGroup;
			children = (
				8ADD8C027A68B32A6007AE6A /* Pods-YLHook.debug.xcconfig */,
				F66F05D3822DFD94A3BD8D06 /* Pods-YLHook.release.xcconfig */,
			);
			name = Pods;
			sourceTree = "<group>";
		};
/* End PBXGroup section */

/* Begin PBXNativeTarget section */
		F2BD63EA1D475FF200A72873 /* YLHook */ = {
			isa = PBXNativeTarget;
			buildConfigurationList = F2BD640D1D475FF200A72873 /* Build configuration list for PBXNativeTarget "YLHook" */;
			buildPhases = (
				C87BA9A380C803CA4C8E820A /* [CP] Check Pods Manifest.lock */,
				F2BD63E71D475FF200A72873 /* Sources */,
				F2BD63E81D475FF200A72873 /* Frameworks */,
				F2BD63E91D475FF200A72873 /* Resources */,
				A2FF15B7362A7BC9634A243D /* [CP] Embed Pods Frameworks */,
				B571B6A0D40DB62A524FE7CF /* [CP] Copy Pods Resources */,
			);
			buildRules = (
			);
			dependencies = (
			);
			name = YLHook;
			productName = YLHook;
			productReference = F2BD63EB1D475FF200A72873 /* YLHook.app */;
			productType = "com.apple.product-type.application";
		};
		F2BD64031D475FF200A72873 /* YLHookTests */ = {
			isa = PBXNativeTarget;
			buildConfigurationList = F2BD64101D475FF200A72873 /* Build configuration list for PBXNativeTarget "YLHookTests" */;
			buildPhases = (
				F2BD64001D475FF200A72873 /* Sources */,
				F2BD64011D475FF200A72873 /* Frameworks */,
				F2BD64021D475FF200A72873 /* Resources */,
			);
			buildRules = (
			);
			dependencies = (
				F2BD64061D475FF200A72873 /* PBXTargetDependency */,
			);
			name = YLHookTests;
			productName = YLHookTests;
			productReference = F2BD64041D475FF200A72873 /* YLHookTests.xctest */;
			productType = "com.apple.product-type.bundle.unit-test";
		};
/* End PBXNativeTarget section */

/* Begin PBXProject section */
		F2BD63E31D475FF200A72873 /* Project object */ = {
			isa = PBXProject;
			attributes = {
				LastUpgradeCheck = 0730;
				ORGANIZATIONNAME = Yunpeng;
				TargetAttributes = {
					F2BD63EA1D475FF200A72873 = {
						CreatedOnToolsVersion = 7.3.1;
					};
					F2BD64031D475FF200A72873 = {
						CreatedOnToolsVersion = 7.3.1;
						TestTargetID = F2BD63EA1D475FF200A72873;
					};
				};
			};
			buildConfigurationList = F2BD63E61D475FF200A72873 /* Build configuration list for PBXProject "YLHook" */;
			compatibilityVersion = "Xcode 3.2";
			developmentRegion = English;
			hasScannedForEncodings = 0;
			knownRegions = (
				en,
				Base,
			);
			mainGroup = F2BD63E21D475FF200A72873;
			productRefGroup = F2BD63EC1D475FF200A72873 /* Products */;
			projectDirPath = "";
			projectRoot = "";
			targets = (
				F2BD63EA1D475FF200A72873 /* YLHook */,
				F2BD64031D475FF200A72873 /* YLHookTests */,
			);
		};
/* End PBXProject section */

/* Begin PBXResourcesBuildPhase section */
		F2BD63E91D475FF200A72873 /* Resources */ = {
			isa = PBXResourcesBuildPhase;
			buildActionMask = 2147483647;
			files = (
				F2BD63FE1D475FF200A72873 /* LaunchScreen.storyboard in Resources */,
				F2BD63FB1D475FF200A72873 /* Assets.xcassets in Resources */,
				F2BD63F91D475FF200A72873 /* Main.storyboard in Resources */,
			);
			runOnlyForDeploymentPostprocessing = 0;
		};
		F2BD64021D475FF200A72873 /* Resources */ = {
			isa = PBXResourcesBuildPhase;
			buildActionMask = 2147483647;
			files = (
			);
			runOnlyForDeploymentPostprocessing = 0;
		};
/* End PBXResourcesBuildPhase section */

/* Begin PBXShellScriptBuildPhase section */
		A2FF15B7362A7BC9634A243D /* [CP] Embed Pods Frameworks */ = {
			isa = PBXShellScriptBuildPhase;
			buildActionMask = 2147483647;
			files = (
			);
			inputPaths = (
			);
			name = "[CP] Embed Pods Frameworks";
			outputPaths = (
			);
			runOnlyForDeploymentPostprocessing = 0;
			shellPath = /bin/sh;
			shellScript = "\"${SRCROOT}/Pods/Target Support Files/Pods-YLHook/Pods-YLHook-frameworks.sh\"\n";
			showEnvVarsInLog = 0;
		};
		B571B6A0D40DB62A524FE7CF /* [CP] Copy Pods Resources */ = {
			isa = PBXShellScriptBuildPhase;
			buildActionMask = 2147483647;
			files = (
			);
			inputPaths = (
			);
			name = "[CP] Copy Pods Resources";
			outputPaths = (
			);
			runOnlyForDeploymentPostprocessing = 0;
			shellPath = /bin/sh;
			shellScript = "\"${SRCROOT}/Pods/Target Support Files/Pods-YLHook/Pods-YLHook-resources.sh\"\n";
			showEnvVarsInLog = 0;
		};
		C87BA9A380C803CA4C8E820A /* [CP] Check Pods Manifest.lock */ = {
			isa = PBXShellScriptBuildPhase;
			buildActionMask = 2147483647;
			files = (
			);
			inputPaths = (
			);
			name = "[CP] Check Pods Manifest.lock";
			outputPaths = (
			);
			runOnlyForDeploymentPostprocessing = 0;
			shellPath = /bin/sh;
			shellScript = "diff \"${PODS_ROOT}/../Podfile.lock\" \"${PODS_ROOT}/Manifest.lock\" > /dev/null\nif [[ $? != 0 ]] ; then\n    cat << EOM\nerror: The sandbox is not in sync with the Podfile.lock. Run 'pod install' or update your CocoaPods installation.\nEOM\n    exit 1\nfi\n";
			showEnvVarsInLog = 0;
		};
/* End PBXShellScriptBuildPhase section */

/* Begin PBXSourcesBuildPhase section */
		F2BD63E71D475FF200A72873 /* Sources */ = {
			isa = PBXSourcesBuildPhase;
			buildActionMask = 2147483647;
			files = (
				F2BD63F61D475FF200A72873 /* FirstViewController.m in Sources */,
				F2BD64171D47603B00A72873 /* YLHook.m in Sources */,
				F2BD64211D47652300A72873 /* NSObject+YLHook.m in Sources */,
				F2BD63F31D475FF200A72873 /* AppDelegate.m in Sources */,
				F2BD64241D47809300A72873 /* SecondViewController.m in Sources */,
				F2BD641A1D47614B00A72873 /* YLEventMaker.m in Sources */,
				F2BD63F01D475FF200A72873 /* main.m in Sources */,
				F2BD641D1D47618100A72873 /* YLEvent.m in Sources */,
			);
			runOnlyForDeploymentPostprocessing = 0;
		};
		F2BD64001D475FF200A72873 /* Sources */ = {
			isa = PBXSourcesBuildPhase;
			buildActionMask = 2147483647;
			files = (
				F2BD64091D475FF200A72873 /* YLHookTests.m in Sources */,
			);
			runOnlyForDeploymentPostprocessing = 0;
		};
/* End PBXSourcesBuildPhase section */

/* Begin PBXTargetDependency section */
		F2BD64061D475FF200A72873 /* PBXTargetDependency */ = {
			isa = PBXTargetDependency;
			target = F2BD63EA1D475FF200A72873 /* YLHook */;
			targetProxy = F2BD64051D475FF200A72873 /* PBXContainerItemProxy */;
		};
/* End PBXTargetDependency section */

/* Begin PBXVariantGroup section */
		F2BD63F71D475FF200A72873 /* Main.storyboard */ = {
			isa = PBXVariantGroup;
			children = (
				F2BD63F81D475FF200A72873 /* Base */,
			);
			name = Main.storyboard;
			sourceTree = "<group>";
		};
		F2BD63FC1D475FF200A72873 /* LaunchScreen.storyboard */ = {
			isa = PBXVariantGroup;
			children = (
				F2BD63FD1D475FF200A72873 /* Base */,
			);
			name = LaunchScreen.storyboard;
			sourceTree = "<group>";
		};
/* End PBXVariantGroup section */

/* Begin XCBuildConfiguration section */
		F2BD640B1D475FF200A72873 /* Debug */ = {
			isa = XCBuildConfiguration;
			buildSettings = {
				ALWAYS_SEARCH_USER_PATHS = NO;
				CLANG_ANALYZER_NONNULL = YES;
				CLANG_CXX_LANGUAGE_STANDARD = "gnu++0x";
				CLANG_CXX_LIBRARY = "libc++";
				CLANG_ENABLE_MODULES = YES;
				CLANG_ENABLE_OBJC_ARC = YES;
				CLANG_WARN_BOOL_CONVERSION = YES;
				CLANG_WARN_CONSTANT_CONVERSION = YES;
				CLANG_WARN_DIRECT_OBJC_ISA_USAGE = YES_ERROR;
				CLANG_WARN_EMPTY_BODY = YES;
				CLANG_WARN_ENUM_CONVERSION = YES;
				CLANG_WARN_INT_CONVERSION = YES;
				CLANG_WARN_OBJC_ROOT_CLASS = YES_ERROR;
				CLANG_WARN_UNREACHABLE_CODE = YES;
				CLANG_WARN__DUPLICATE_METHOD_MATCH = YES;
				"CODE_SIGN_IDENTITY[sdk=iphoneos*]" = "iPhone Developer";
				COPY_PHASE_STRIP = NO;
				DEBUG_INFORMATION_FORMAT = dwarf;
				ENABLE_STRICT_OBJC_MSGSEND = YES;
				ENABLE_TESTABILITY = YES;
				GCC_C_LANGUAGE_STANDARD = gnu99;
				GCC_DYNAMIC_NO_PIC = NO;
				GCC_NO_COMMON_BLOCKS = YES;
				GCC_OPTIMIZATION_LEVEL = 0;
				GCC_PREPROCESSOR_DEFINITIONS = (
					"DEBUG=1",
					"$(inherited)",
				);
				GCC_WARN_64_TO_32_BIT_CONVERSION = YES;
				GCC_WARN_ABOUT_RETURN_TYPE = YES_ERROR;
				GCC_WARN_UNDECLARED_SELECTOR = YES;
				GCC_WARN_UNINITIALIZED_AUTOS = YES_AGGRESSIVE;
				GCC_WARN_UNUSED_FUNCTION = YES;
				GCC_WARN_UNUSED_VARIABLE = YES;
				IPHONEOS_DEPLOYMENT_TARGET = 9.3;
				MTL_ENABLE_DEBUG_INFO = YES;
				ONLY_ACTIVE_ARCH = YES;
				SDKROOT = iphoneos;
				TARGETED_DEVICE_FAMILY = "1,2";
			};
			name = Debug;
		};
		F2BD640C1D475FF200A72873 /* Release */ = {
			isa = XCBuildConfiguration;
			buildSettings = {
				ALWAYS_SEARCH_USER_PATHS = NO;
				CLANG_ANALYZER_NONNULL = YES;
				CLANG_CXX_LANGUAGE_STANDARD = "gnu++0x";
				CLANG_CXX_LIBRARY = "libc++";
				CLANG_ENABLE_MODULES = YES;
				CLANG_ENABLE_OBJC_ARC = YES;
				CLANG_WARN_BOOL_CONVERSION = YES;
				CLANG_WARN_CONSTANT_CONVERSION = YES;
				CLANG_WARN_DIRECT_OBJC_ISA_USAGE = YES_ERROR;
				CLANG_WARN_EMPTY_BODY = YES;
				CLANG_WARN_ENUM_CONVERSION = YES;
				CLANG_WARN_INT_CONVERSION = YES;
				CLANG_WARN_OBJC_ROOT_CLASS = YES_ERROR;
				CLANG_WARN_UNREACHABLE_CODE = YES;
				CLANG_WARN__DUPLICATE_METHOD_MATCH = YES;
				"CODE_SIGN_IDENTITY[sdk=iphoneos*]" = "iPhone Developer";
				COPY_PHASE_STRIP = NO;
				DEBUG_INFORMATION_FORMAT = "dwarf-with-dsym";
				ENABLE_NS_ASSERTIONS = NO;
				ENABLE_STRICT_OBJC_MSGSEND = YES;
				GCC_C_LANGUAGE_STANDARD = gnu99;
				GCC_NO_COMMON_BLOCKS = YES;
				GCC_WARN_64_TO_32_BIT_CONVERSION = YES;
				GCC_WARN_ABOUT_RETURN_TYPE = YES_ERROR;
				GCC_WARN_UNDECLARED_SELECTOR = YES;
				GCC_WARN_UNINITIALIZED_AUTOS = YES_AGGRESSIVE;
				GCC_WARN_UNUSED_FUNCTION = YES;
				GCC_WARN_UNUSED_VARIABLE = YES;
				IPHONEOS_DEPLOYMENT_TARGET = 9.3;
				MTL_ENABLE_DEBUG_INFO = NO;
				SDKROOT = iphoneos;
				TARGETED_DEVICE_FAMILY = "1,2";
				VALIDATE_PRODUCT = YES;
			};
			name = Release;
		};
		F2BD640E1D475FF200A72873 /* Debug */ = {
			isa = XCBuildConfiguration;
			baseConfigurationReference = 8ADD8C027A68B32A6007AE6A /* Pods-YLHook.debug.xcconfig */;
			buildSettings = {
				ASSETCATALOG_COMPILER_APPICON_NAME = AppIcon;
				INFOPLIST_FILE = YLHook/Info.plist;
				LD_RUNPATH_SEARCH_PATHS = "$(inherited) @executable_path/Frameworks";
				PRODUCT_BUNDLE_IDENTIFIER = xyz.ypli.YLHook;
				PRODUCT_NAME = "$(TARGET_NAME)";
			};
			name = Debug;
		};
		F2BD640F1D475FF200A72873 /* Release */ = {
			isa = XCBuildConfiguration;
			baseConfigurationReference = F66F05D3822DFD94A3BD8D06 /* Pods-YLHook.release.xcconfig */;
			buildSettings = {
				ASSETCATALOG_COMPILER_APPICON_NAME = AppIcon;
				INFOPLIST_FILE = YLHook/Info.plist;
				LD_RUNPATH_SEARCH_PATHS = "$(inherited) @executable_path/Frameworks";
				PRODUCT_BUNDLE_IDENTIFIER = xyz.ypli.YLHook;
				PRODUCT_NAME = "$(TARGET_NAME)";
			};
			name = Release;
		};
		F2BD64111D475FF200A72873 /* Debug */ = {
			isa = XCBuildConfiguration;
			buildSettings = {
				BUNDLE_LOADER = "$(TEST_HOST)";
				INFOPLIST_FILE = YLHookTests/Info.plist;
				LD_RUNPATH_SEARCH_PATHS = "$(inherited) @executable_path/Frameworks @loader_path/Frameworks";
				PRODUCT_BUNDLE_IDENTIFIER = xyz.ypli.YLHookTests;
				PRODUCT_NAME = "$(TARGET_NAME)";
				TEST_HOST = "$(BUILT_PRODUCTS_DIR)/YLHook.app/YLHook";
			};
			name = Debug;
		};
		F2BD64121D475FF200A72873 /* Release */ = {
			isa = XCBuildConfiguration;
			buildSettings = {
				BUNDLE_LOADER = "$(TEST_HOST)";
				INFOPLIST_FILE = YLHookTests/Info.plist;
				LD_RUNPATH_SEARCH_PATHS = "$(inherited) @executable_path/Frameworks @loader_path/Frameworks";
				PRODUCT_BUNDLE_IDENTIFIER = xyz.ypli.YLHookTests;
				PRODUCT_NAME = "$(TARGET_NAME)";
				TEST_HOST = "$(BUILT_PRODUCTS_DIR)/YLHook.app/YLHook";
			};
			name = Release;
		};
/* End XCBuildConfiguration section */

/* Begin XCConfigurationList section */
		F2BD63E61D475FF200A72873 /* Build configuration list for PBXProject "YLHook" */ = {
			isa = XCConfigurationList;
			buildConfigurations = (
				F2BD640B1D475FF200A72873 /* Debug */,
				F2BD640C1D475FF200A72873 /* Release */,
			);
			defaultConfigurationIsVisible = 0;
			defaultConfigurationName = Release;
		};
		F2BD640D1D475FF200A72873 /* Build configuration list for PBXNativeTarget "YLHook" */ = {
			isa = XCConfigurationList;
			buildConfigurations = (
				F2BD640E1D475FF200A72873 /* Debug */,
				F2BD640F1D475FF200A72873 /* Release */,
			);
			defaultConfigurationIsVisible = 0;
			defaultConfigurationName = Release;
		};
		F2BD64101D475FF200A72873 /* Build configuration list for PBXNativeTarget "YLHookTests" */ = {
			isa = XCConfigurationList;
			buildConfigurations = (
				F2BD64111D475FF200A72873 /* Debug */,
				F2BD64121D475FF200A72873 /* Release */,
			);
			defaultConfigurationIsVisible = 0;
			defaultConfigurationName = Release;
		};
/* End XCConfigurationList section */
	};
	rootObject = F2BD63E31D475FF200A72873 /* Project object */;
}
